// !$*UTF8*$!
{
	archiveVersion = 1;
	classes = {
	};
	objectVersion = 48;
	objects = {

/* Begin PBXBuildFile section */
		02489A10206C6B80008787B7 /* AppDelegate.swift in Sources */ = {isa = PBXBuildFile; fileRef = 02489A0F206C6B80008787B7 /* AppDelegate.swift */; };
		02489A12206C6B80008787B7 /* GameScene.sks in Resources */ = {isa = PBXBuildFile; fileRef = 02489A11206C6B80008787B7 /* GameScene.sks */; };
		02489A14206C6B80008787B7 /* Actions.sks in Resources */ = {isa = PBXBuildFile; fileRef = 02489A13206C6B80008787B7 /* Actions.sks */; };
		02489A16206C6B80008787B7 /* GameScene.swift in Sources */ = {isa = PBXBuildFile; fileRef = 02489A15206C6B80008787B7 /* GameScene.swift */; };
		02489A18206C6B80008787B7 /* GameViewController.swift in Sources */ = {isa = PBXBuildFile; fileRef = 02489A17206C6B80008787B7 /* GameViewController.swift */; };
		02489A1B206C6B80008787B7 /* Main.storyboard in Resources */ = {isa = PBXBuildFile; fileRef = 02489A19206C6B80008787B7 /* Main.storyboard */; };
		02489A1D206C6B80008787B7 /* Assets.xcassets in Resources */ = {isa = PBXBuildFile; fileRef = 02489A1C206C6B80008787B7 /* Assets.xcassets */; };
		02489A20206C6B80008787B7 /* LaunchScreen.storyboard in Resources */ = {isa = PBXBuildFile; fileRef = 02489A1E206C6B80008787B7 /* LaunchScreen.storyboard */; };
		02489A2B206C6B81008787B7 /* ProbabilisticLearningTests.swift in Sources */ = {isa = PBXBuildFile; fileRef = 02489A2A206C6B81008787B7 /* ProbabilisticLearningTests.swift */; };
		02578D99209A92E70018358A /* MenuController.swift in Sources */ = {isa = PBXBuildFile; fileRef = 02578D98209A92E70018358A /* MenuController.swift */; };
		0261F27220A28C6300EC4329 /* Ding.wav in Resources */ = {isa = PBXBuildFile; fileRef = 0261F27120A28C6300EC4329 /* Ding.wav */; };
		0261F27420A28C6B00EC4329 /* WrongBuzzer.mp3 in Resources */ = {isa = PBXBuildFile; fileRef = 0261F27320A28C6B00EC4329 /* WrongBuzzer.mp3 */; };
		0261F27820A39F8D00EC4329 /* RunSettings.swift in Sources */ = {isa = PBXBuildFile; fileRef = 0261F27720A39F8D00EC4329 /* RunSettings.swift */; };
		02EBC55E20AD3A06009338D0 /* TrialRunSettings.swift in Sources */ = {isa = PBXBuildFile; fileRef = 02EBC55D20AD3A06009338D0 /* TrialRunSettings.swift */; };
		02EBC56020ADDE54009338D0 /* Chime.wav in Resources */ = {isa = PBXBuildFile; fileRef = 02EBC55F20ADDE54009338D0 /* Chime.wav */; };
		02F06EC420A433A600A937BA /* RunResults.swift in Sources */ = {isa = PBXBuildFile; fileRef = 02F06EC320A433A600A937BA /* RunResults.swift */; };
/* End PBXBuildFile section */

/* Begin PBXContainerItemProxy section */
		02489A27206C6B81008787B7 /* PBXContainerItemProxy */ = {
			isa = PBXContainerItemProxy;
			containerPortal = 02489A04206C6B80008787B7 /* Project object */;
			proxyType = 1;
			remoteGlobalIDString = 02489A0B206C6B80008787B7;
			remoteInfo = ProbabilisticLearning;
		};
/* End PBXContainerItemProxy section */

/* Begin PBXFileReference section */
		02489A0C206C6B80008787B7 /* ProbabilisticLearning.app */ = {isa = PBXFileReference; explicitFileType = wrapper.application; includeInIndex = 0; path = ProbabilisticLearning.app; sourceTree = BUILT_PRODUCTS_DIR; };
		02489A0F206C6B80008787B7 /* AppDelegate.swift */ = {isa = PBXFileReference; lastKnownFileType = sourcecode.swift; path = AppDelegate.swift; sourceTree = "<group>"; };
		02489A11206C6B80008787B7 /* GameScene.sks */ = {isa = PBXFileReference; lastKnownFileType = file.sks; path = GameScene.sks; sourceTree = "<group>"; };
		02489A13206C6B80008787B7 /* Actions.sks */ = {isa = PBXFileReference; lastKnownFileType = file.sks; path = Actions.sks; sourceTree = "<group>"; };
		02489A15206C6B80008787B7 /* GameScene.swift */ = {isa = PBXFileReference; lastKnownFileType = sourcecode.swift; path = GameScene.swift; sourceTree = "<group>"; };
		02489A17206C6B80008787B7 /* GameViewController.swift */ = {isa = PBXFileReference; lastKnownFileType = sourcecode.swift; path = GameViewController.swift; sourceTree = "<group>"; };
		02489A1A206C6B80008787B7 /* Base */ = {isa = PBXFileReference; lastKnownFileType = file.storyboard; name = Base; path = Base.lproj/Main.storyboard; sourceTree = "<group>"; };
		02489A1C206C6B80008787B7 /* Assets.xcassets */ = {isa = PBXFileReference; lastKnownFileType = folder.assetcatalog; path = Assets.xcassets; sourceTree = "<group>"; };
		02489A1F206C6B80008787B7 /* Base */ = {isa = PBXFileReference; lastKnownFileType = file.storyboard; name = Base; path = Base.lproj/LaunchScreen.storyboard; sourceTree = "<group>"; };
		02489A21206C6B80008787B7 /* Info.plist */ = {isa = PBXFileReference; lastKnownFileType = text.plist.xml; path = Info.plist; sourceTree = "<group>"; };
		02489A26206C6B81008787B7 /* ProbabilisticLearningTests.xctest */ = {isa = PBXFileReference; explicitFileType = wrapper.cfbundle; includeInIndex = 0; path = ProbabilisticLearningTests.xctest; sourceTree = BUILT_PRODUCTS_DIR; };
		02489A2A206C6B81008787B7 /* ProbabilisticLearningTests.swift */ = {isa = PBXFileReference; lastKnownFileType = sourcecode.swift; path = ProbabilisticLearningTests.swift; sourceTree = "<group>"; };
		02489A2C206C6B81008787B7 /* Info.plist */ = {isa = PBXFileReference; lastKnownFileType = text.plist.xml; path = Info.plist; sourceTree = "<group>"; };
		02578D98209A92E70018358A /* MenuController.swift */ = {isa = PBXFileReference; lastKnownFileType = sourcecode.swift; path = MenuController.swift; sourceTree = "<group>"; };
		0261F27120A28C6300EC4329 /* Ding.wav */ = {isa = PBXFileReference; lastKnownFileType = audio.wav; path = Ding.wav; sourceTree = "<group>"; };
		0261F27320A28C6B00EC4329 /* WrongBuzzer.mp3 */ = {isa = PBXFileReference; lastKnownFileType = audio.mp3; path = WrongBuzzer.mp3; sourceTree = "<group>"; };
		0261F27720A39F8D00EC4329 /* RunSettings.swift */ = {isa = PBXFileReference; lastKnownFileType = sourcecode.swift; path = RunSettings.swift; sourceTree = "<group>"; };
		02EBC55D20AD3A06009338D0 /* TrialRunSettings.swift */ = {isa = PBXFileReference; lastKnownFileType = sourcecode.swift; path = TrialRunSettings.swift; sourceTree = "<group>"; };
		02EBC55F20ADDE54009338D0 /* Chime.wav */ = {isa = PBXFileReference; lastKnownFileType = audio.wav; path = Chime.wav; sourceTree = "<group>"; };
		02F06EC320A433A600A937BA /* RunResults.swift */ = {isa = PBXFileReference; lastKnownFileType = sourcecode.swift; path = RunResults.swift; sourceTree = "<group>"; };
/* End PBXFileReference section */

/* Begin PBXFrameworksBuildPhase section */
		02489A09206C6B80008787B7 /* Frameworks */ = {
			isa = PBXFrameworksBuildPhase;
			buildActionMask = 2147483647;
			files = (
			);
			runOnlyForDeploymentPostprocessing = 0;
		};
		02489A23206C6B81008787B7 /* Frameworks */ = {
			isa = PBXFrameworksBuildPhase;
			buildActionMask = 2147483647;
			files = (
			);
			runOnlyForDeploymentPostprocessing = 0;
		};
/* End PBXFrameworksBuildPhase section */

/* Begin PBXGroup section */
		02489A03206C6B80008787B7 = {
			isa = PBXGroup;
			children = (
				02489A0E206C6B80008787B7 /* ProbabilisticLearning */,
				02489A29206C6B81008787B7 /* ProbabilisticLearningTests */,
				02489A0D206C6B80008787B7 /* Products */,
			);
			sourceTree = "<group>";
		};
		02489A0D206C6B80008787B7 /* Products */ = {
			isa = PBXGroup;
			children = (
				02489A0C206C6B80008787B7 /* ProbabilisticLearning.app */,
				02489A26206C6B81008787B7 /* ProbabilisticLearningTests.xctest */,
			);
			name = Products;
			sourceTree = "<group>";
		};
		02489A0E206C6B80008787B7 /* ProbabilisticLearning */ = {
			isa = PBXGroup;
			children = (
				0261F27120A28C6300EC4329 /* Ding.wav */,
				0261F27320A28C6B00EC4329 /* WrongBuzzer.mp3 */,
				02EBC55F20ADDE54009338D0 /* Chime.wav */,
				02489A0F206C6B80008787B7 /* AppDelegate.swift */,
				02489A11206C6B80008787B7 /* GameScene.sks */,
				02489A13206C6B80008787B7 /* Actions.sks */,
				02489A15206C6B80008787B7 /* GameScene.swift */,
				02489A17206C6B80008787B7 /* GameViewController.swift */,
				02489A19206C6B80008787B7 /* Main.storyboard */,
				02489A1C206C6B80008787B7 /* Assets.xcassets */,
				02489A1E206C6B80008787B7 /* LaunchScreen.storyboard */,
				02489A21206C6B80008787B7 /* Info.plist */,
				02578D98209A92E70018358A /* MenuController.swift */,
				0261F27720A39F8D00EC4329 /* RunSettings.swift */,
				02F06EC320A433A600A937BA /* RunResults.swift */,
				02EBC55D20AD3A06009338D0 /* TrialRunSettings.swift */,
			);
			path = ProbabilisticLearning;
			sourceTree = "<group>";
		};
		02489A29206C6B81008787B7 /* ProbabilisticLearningTests */ = {
			isa = PBXGroup;
			children = (
				02489A2A206C6B81008787B7 /* ProbabilisticLearningTests.swift */,
				02489A2C206C6B81008787B7 /* Info.plist */,
			);
			path = ProbabilisticLearningTests;
			sourceTree = "<group>";
		};
/* End PBXGroup section */

/* Begin PBXNativeTarget section */
		02489A0B206C6B80008787B7 /* ProbabilisticLearning */ = {
			isa = PBXNativeTarget;
			buildConfigurationList = 02489A2F206C6B81008787B7 /* Build configuration list for PBXNativeTarget "ProbabilisticLearning" */;
			buildPhases = (
				02489A08206C6B80008787B7 /* Sources */,
				02489A09206C6B80008787B7 /* Frameworks */,
				02489A0A206C6B80008787B7 /* Resources */,
			);
			buildRules = (
			);
			dependencies = (
			);
			name = ProbabilisticLearning;
			productName = ProbabilisticLearning;
			productReference = 02489A0C206C6B80008787B7 /* ProbabilisticLearning.app */;
			productType = "com.apple.product-type.application";
		};
		02489A25206C6B81008787B7 /* ProbabilisticLearningTests */ = {
			isa = PBXNativeTarget;
			buildConfigurationList = 02489A32206C6B81008787B7 /* Build configuration list for PBXNativeTarget "ProbabilisticLearningTests" */;
			buildPhases = (
				02489A22206C6B81008787B7 /* Sources */,
				02489A23206C6B81008787B7 /* Frameworks */,
				02489A24206C6B81008787B7 /* Resources */,
			);
			buildRules = (
			);
			dependencies = (
				02489A28206C6B81008787B7 /* PBXTargetDependency */,
			);
			name = ProbabilisticLearningTests;
			productName = ProbabilisticLearningTests;
			productReference = 02489A26206C6B81008787B7 /* ProbabilisticLearningTests.xctest */;
			productType = "com.apple.product-type.bundle.unit-test";
		};
/* End PBXNativeTarget section */

/* Begin PBXProject section */
		02489A04206C6B80008787B7 /* Project object */ = {
			isa = PBXProject;
			attributes = {
				LastSwiftUpdateCheck = 0920;
				LastUpgradeCheck = 0920;
				ORGANIZATIONNAME = "Bryce Sandlund";
				TargetAttributes = {
					02489A0B206C6B80008787B7 = {
						CreatedOnToolsVersion = 9.2;
						ProvisioningStyle = Automatic;
					};
					02489A25206C6B81008787B7 = {
						CreatedOnToolsVersion = 9.2;
						ProvisioningStyle = Automatic;
						TestTargetID = 02489A0B206C6B80008787B7;
					};
				};
			};
			buildConfigurationList = 02489A07206C6B80008787B7 /* Build configuration list for PBXProject "ProbabilisticLearning" */;
			compatibilityVersion = "Xcode 8.0";
			developmentRegion = en;
			hasScannedForEncodings = 0;
			knownRegions = (
				en,
				Base,
			);
			mainGroup = 02489A03206C6B80008787B7;
			productRefGroup = 02489A0D206C6B80008787B7 /* Products */;
			projectDirPath = "";
			projectRoot = "";
			targets = (
				02489A0B206C6B80008787B7 /* ProbabilisticLearning */,
				02489A25206C6B81008787B7 /* ProbabilisticLearningTests */,
			);
		};
/* End PBXProject section */

/* Begin PBXResourcesBuildPhase section */
		02489A0A206C6B80008787B7 /* Resources */ = {
			isa = PBXResourcesBuildPhase;
			buildActionMask = 2147483647;
			files = (
				02489A1B206C6B80008787B7 /* Main.storyboard in Resources */,
				02489A12206C6B80008787B7 /* GameScene.sks in Resources */,
				02489A1D206C6B80008787B7 /* Assets.xcassets in Resources */,
				02EBC56020ADDE54009338D0 /* Chime.wav in Resources */,
				02489A20206C6B80008787B7 /* LaunchScreen.storyboard in Resources */,
				0261F27420A28C6B00EC4329 /* WrongBuzzer.mp3 in Resources */,
				0261F27220A28C6300EC4329 /* Ding.wav in Resources */,
				02489A14206C6B80008787B7 /* Actions.sks in Resources */,
			);
			runOnlyForDeploymentPostprocessing = 0;
		};
		02489A24206C6B81008787B7 /* Resources */ = {
			isa = PBXResourcesBuildPhase;
			buildActionMask = 2147483647;
			files = (
			);
			runOnlyForDeploymentPostprocessing = 0;
		};
/* End PBXResourcesBuildPhase section */

/* Begin PBXSourcesBuildPhase section */
		02489A08206C6B80008787B7 /* Sources */ = {
			isa = PBXSourcesBuildPhase;
			buildActionMask = 2147483647;
			files = (
				02F06EC420A433A600A937BA /* RunResults.swift in Sources */,
				02489A16206C6B80008787B7 /* GameScene.swift in Sources */,
				02489A18206C6B80008787B7 /* GameViewController.swift in Sources */,
				02EBC55E20AD3A06009338D0 /* TrialRunSettings.swift in Sources */,
				02578D99209A92E70018358A /* MenuController.swift in Sources */,
				0261F27820A39F8D00EC4329 /* RunSettings.swift in Sources */,
				02489A10206C6B80008787B7 /* AppDelegate.swift in Sources */,
			);
			runOnlyForDeploymentPostprocessing = 0;
		};
		02489A22206C6B81008787B7 /* Sources */ = {
			isa = PBXSourcesBuildPhase;
			buildActionMask = 2147483647;
			files = (
				02489A2B206C6B81008787B7 /* ProbabilisticLearningTests.swift in Sources */,
			);
			runOnlyForDeploymentPostprocessing = 0;
		};
/* End PBXSourcesBuildPhase section */

/* Begin PBXTargetDependency section */
		02489A28206C6B81008787B7 /* PBXTargetDependency */ = {
			isa = PBXTargetDependency;
			target = 02489A0B206C6B80008787B7 /* ProbabilisticLearning */;
			targetProxy = 02489A27206C6B81008787B7 /* PBXContainerItemProxy */;
		};
/* End PBXTargetDependency section */

/* Begin PBXVariantGroup section */
		02489A19206C6B80008787B7 /* Main.storyboard */ = {
			isa = PBXVariantGroup;
			children = (
				02489A1A206C6B80008787B7 /* Base */,
			);
			name = Main.storyboard;
			sourceTree = "<group>";
		};
		02489A1E206C6B80008787B7 /* LaunchScreen.storyboard */ = {
			isa = PBXVariantGroup;
			children = (
				02489A1F206C6B80008787B7 /* Base */,
			);
			name = LaunchScreen.storyboard;
			sourceTree = "<group>";
		};
/* End PBXVariantGroup section */

/* Begin XCBuildConfiguration section */
		02489A2D206C6B81008787B7 /* Debug */ = {
			isa = XCBuildConfiguration;
			buildSettings = {
				ALWAYS_SEARCH_USER_PATHS = NO;
				CLANG_ANALYZER_NONNULL = YES;
				CLANG_ANALYZER_NUMBER_OBJECT_CONVERSION = YES_AGGRESSIVE;
				CLANG_CXX_LANGUAGE_STANDARD = "gnu++14";
				CLANG_CXX_LIBRARY = "libc++";
				CLANG_ENABLE_MODULES = YES;
				CLANG_ENABLE_OBJC_ARC = YES;
				CLANG_WARN_BLOCK_CAPTURE_AUTORELEASING = YES;
				CLANG_WARN_BOOL_CONVERSION = YES;
				CLANG_WARN_COMMA = YES;
				CLANG_WARN_CONSTANT_CONVERSION = YES;
				CLANG_WARN_DIRECT_OBJC_ISA_USAGE = YES_ERROR;
				CLANG_WARN_DOCUMENTATION_COMMENTS = YES;
				CLANG_WARN_EMPTY_BODY = YES;
				CLANG_WARN_ENUM_CONVERSION = YES;
				CLANG_WARN_INFINITE_RECURSION = YES;
				CLANG_WARN_INT_CONVERSION = YES;
				CLANG_WARN_NON_LITERAL_NULL_CONVERSION = YES;
				CLANG_WARN_OBJC_LITERAL_CONVERSION = YES;
				CLANG_WARN_OBJC_ROOT_CLASS = YES_ERROR;
				CLANG_WARN_RANGE_LOOP_ANALYSIS = YES;
				CLANG_WARN_STRICT_PROTOTYPES = YES;
				CLANG_WARN_SUSPICIOUS_MOVE = YES;
				CLANG_WARN_UNGUARDED_AVAILABILITY = YES_AGGRESSIVE;
				CLANG_WARN_UNREACHABLE_CODE = YES;
				CLANG_WARN__DUPLICATE_METHOD_MATCH = YES;
				CODE_SIGN_IDENTITY = "iPhone Developer";
				COPY_PHASE_STRIP = NO;
				DEBUG_INFORMATION_FORMAT = dwarf;
				ENABLE_STRICT_OBJC_MSGSEND = YES;
				ENABLE_TESTABILITY = YES;
				GCC_C_LANGUAGE_STANDARD = gnu11;
				GCC_DYNAMIC_NO_PIC = NO;
				GCC_NO_COMMON_BLOCKS = YES;
				GCC_OPTIMIZATION_LEVEL = 0;
				GCC_PREPROCESSOR_DEFINITIONS = (
					"DEBUG=1",
					"$(inherited)",
				);
				GCC_WARN_64_TO_32_BIT_CONVERSION = YES;
				GCC_WARN_ABOUT_RETURN_TYPE = YES_ERROR;
				GCC_WARN_UNDECLARED_SELECTOR = YES;
				GCC_WARN_UNINITIALIZED_AUTOS = YES_AGGRESSIVE;
				GCC_WARN_UNUSED_FUNCTION = YES;
				GCC_WARN_UNUSED_VARIABLE = YES;
				IPHONEOS_DEPLOYMENT_TARGET = 11.2;
				MTL_ENABLE_DEBUG_INFO = YES;
				ONLY_ACTIVE_ARCH = YES;
				SDKROOT = iphoneos;
				SWIFT_ACTIVE_COMPILATION_CONDITIONS = DEBUG;
				SWIFT_OPTIMIZATION_LEVEL = "-Onone";
			};
			name = Debug;
		};
		02489A2E206C6B81008787B7 /* Release */ = {
			isa = XCBuildConfiguration;
			buildSettings = {
				ALWAYS_SEARCH_USER_PATHS = NO;
				CLANG_ANALYZER_NONNULL = YES;
				CLANG_ANALYZER_NUMBER_OBJECT_CONVERSION = YES_AGGRESSIVE;
				CLANG_CXX_LANGUAGE_STANDARD = "gnu++14";
				CLANG_CXX_LIBRARY = "libc++";
				CLANG_ENABLE_MODULES = YES;
				CLANG_ENABLE_OBJC_ARC = YES;
				CLANG_WARN_BLOCK_CAPTURE_AUTORELEASING = YES;
				CLANG_WARN_BOOL_CONVERSION = YES;
				CLANG_WARN_COMMA = YES;
				CLANG_WARN_CONSTANT_CONVERSION = YES;
				CLANG_WARN_DIRECT_OBJC_ISA_USAGE = YES_ERROR;
				CLANG_WARN_DOCUMENTATION_COMMENTS = YES;
				CLANG_WARN_EMPTY_BODY = YES;
				CLANG_WARN_ENUM_CONVERSION = YES;
				CLANG_WARN_INFINITE_RECURSION = YES;
				CLANG_WARN_INT_CONVERSION = YES;
				CLANG_WARN_NON_LITERAL_NULL_CONVERSION = YES;
				CLANG_WARN_OBJC_LITERAL_CONVERSION = YES;
				CLANG_WARN_OBJC_ROOT_CLASS = YES_ERROR;
				CLANG_WARN_RANGE_LOOP_ANALYSIS = YES;
				CLANG_WARN_STRICT_PROTOTYPES = YES;
				CLANG_WARN_SUSPICIOUS_MOVE = YES;
				CLANG_WARN_UNGUARDED_AVAILABILITY = YES_AGGRESSIVE;
				CLANG_WARN_UNREACHABLE_CODE = YES;
				CLANG_WARN__DUPLICATE_METHOD_MATCH = YES;
				CODE_SIGN_IDENTITY = "iPhone Developer";
				COPY_PHASE_STRIP = NO;
				DEBUG_INFORMATION_FORMAT = "dwarf-with-dsym";
				ENABLE_NS_ASSERTIONS = NO;
				ENABLE_STRICT_OBJC_MSGSEND = YES;
				GCC_C_LANGUAGE_STANDARD = gnu11;
				GCC_NO_COMMON_BLOCKS = YES;
				GCC_WARN_64_TO_32_BIT_CONVERSION = YES;
				GCC_WARN_ABOUT_RETURN_TYPE = YES_ERROR;
				GCC_WARN_UNDECLARED_SELECTOR = YES;
				GCC_WARN_UNINITIALIZED_AUTOS = YES_AGGRESSIVE;
				GCC_WARN_UNUSED_FUNCTION = YES;
				GCC_WARN_UNUSED_VARIABLE = YES;
				IPHONEOS_DEPLOYMENT_TARGET = 11.2;
				MTL_ENABLE_DEBUG_INFO = NO;
				SDKROOT = iphoneos;
				SWIFT_OPTIMIZATION_LEVEL = "-Owholemodule";
				VALIDATE_PRODUCT = YES;
			};
			name = Release;
		};
		02489A30206C6B81008787B7 /* Debug */ = {
			isa = XCBuildConfiguration;
			buildSettings = {
				ASSETCATALOG_COMPILER_APPICON_NAME = AppIcon;
				CODE_SIGN_STYLE = Automatic;
				DEVELOPMENT_TEAM = 5CSGZY5259;
				INFOPLIST_FILE = ProbabilisticLearning/Info.plist;
				LD_RUNPATH_SEARCH_PATHS = "$(inherited) @executable_path/Frameworks";
				PRODUCT_BUNDLE_IDENTIFIER = com.brycesandlund.ProbabilisticLearning;
				PRODUCT_NAME = "$(TARGET_NAME)";
				SWIFT_VERSION = 4.0;
				TARGETED_DEVICE_FAMILY = "1,2";
			};
			name = Debug;
		};
		02489A31206C6B81008787B7 /* Release */ = {
			isa = XCBuildConfiguration;
			buildSettings = {
				ASSETCATALOG_COMPILER_APPICON_NAME = AppIcon;
				CODE_SIGN_STYLE = Automatic;
				DEVELOPMENT_TEAM = 5CSGZY5259;
				INFOPLIST_FILE = ProbabilisticLearning/Info.plist;
				LD_RUNPATH_SEARCH_PATHS = "$(inherited) @executable_path/Frameworks";
				PRODUCT_BUNDLE_IDENTIFIER = com.brycesandlund.ProbabilisticLearning;
				PRODUCT_NAME = "$(TARGET_NAME)";
				SWIFT_VERSION = 4.0;
				TARGETED_DEVICE_FAMILY = "1,2";
			};
			name = Release;
		};
		02489A33206C6B81008787B7 /* Debug */ = {
			isa = XCBuildConfiguration;
			buildSettings = {
				ALWAYS_EMBED_SWIFT_STANDARD_LIBRARIES = YES;
				BUNDLE_LOADER = "$(TEST_HOST)";
				CODE_SIGN_STYLE = Automatic;
				DEVELOPMENT_TEAM = 5CSGZY5259;
				INFOPLIST_FILE = ProbabilisticLearningTests/Info.plist;
				LD_RUNPATH_SEARCH_PATHS = "$(inherited) @executable_path/Frameworks @loader_path/Frameworks";
				PRODUCT_BUNDLE_IDENTIFIER = com.brycesandlund.ProbabilisticLearningTests;
				PRODUCT_NAME = "$(TARGET_NAME)";
				SWIFT_VERSION = 4.0;
				TARGETED_DEVICE_FAMILY = "1,2";
				TEST_HOST = "$(BUILT_PRODUCTS_DIR)/ProbabilisticLearning.app/ProbabilisticLearning";
			};
			name = Debug;
		};
		02489A34206C6B81008787B7 /* Release */ = {
			isa = XCBuildConfiguration;
			buildSettings = {
				ALWAYS_EMBED_SWIFT_STANDARD_LIBRARIES = YES;
				BUNDLE_LOADER = "$(TEST_HOST)";
				CODE_SIGN_STYLE = Automatic;
				DEVELOPMENT_TEAM = 5CSGZY5259;
				INFOPLIST_FILE = ProbabilisticLearningTests/Info.plist;
				LD_RUNPATH_SEARCH_PATHS = "$(inherited) @executable_path/Frameworks @loader_path/Frameworks";
				PRODUCT_BUNDLE_IDENTIFIER = com.brycesandlund.ProbabilisticLearningTests;
				PRODUCT_NAME = "$(TARGET_NAME)";
				SWIFT_VERSION = 4.0;
				TARGETED_DEVICE_FAMILY = "1,2";
				TEST_HOST = "$(BUILT_PRODUCTS_DIR)/ProbabilisticLearning.app/ProbabilisticLearning";
			};
			name = Release;
		};
/* End XCBuildConfiguration section */

/* Begin XCConfigurationList section */
		02489A07206C6B80008787B7 /* Build configuration list for PBXProject "ProbabilisticLearning" */ = {
			isa = XCConfigurationList;
			buildConfigurations = (
				02489A2D206C6B81008787B7 /* Debug */,
				02489A2E206C6B81008787B7 /* Release */,
			);
			defaultConfigurationIsVisible = 0;
			defaultConfigurationName = Release;
		};
		02489A2F206C6B81008787B7 /* Build configuration list for PBXNativeTarget "ProbabilisticLearning" */ = {
			isa = XCConfigurationList;
			buildConfigurations = (
				02489A30206C6B81008787B7 /* Debug */,
				02489A31206C6B81008787B7 /* Release */,
			);
			defaultConfigurationIsVisible = 0;
			defaultConfigurationName = Release;
		};
		02489A32206C6B81008787B7 /* Build configuration list for PBXNativeTarget "ProbabilisticLearningTests" */ = {
			isa = XCConfigurationList;
			buildConfigurations = (
				02489A33206C6B81008787B7 /* Debug */,
				02489A34206C6B81008787B7 /* Release */,
			);
			defaultConfigurationIsVisible = 0;
			defaultConfigurationName = Release;
		};
/* End XCConfigurationList section */
	};
	rootObject = 02489A04206C6B80008787B7 /* Project object */;
}
